
Microsoft Visual Studio Solution File, Format Version 9.00
# Visual Studio 2005
Project("{FAE04EC0-301F-11D3-BF4B-00C04F79EFBC}") = "RC.Engine.Test", "RC.Engine.Test\RC.Engine.Test.csproj", "{6BD73791-1D67-475A-A2E0-9AAFD92E641E}"
	ProjectSection(WebsiteProperties) = preProject
		Debug.AspNetCompiler.Debug = "True"
		Release.AspNetCompiler.Debug = "False"
	EndProjectSection
EndProject
Project("{FAE04EC0-301F-11D3-BF4B-00C04F79EFBC}") = "RC.Engine", "RC.Engine\RC.Engine.csproj", "{8618CBBD-9108-493E-A4FC-BE6D6EDE0771}"
	ProjectSection(WebsiteProperties) = preProject
		Debug.AspNetCompiler.Debug = "True"
		Release.AspNetCompiler.Debug = "False"
	EndProjectSection
EndProject
Project("{FAE04EC0-301F-11D3-BF4B-00C04F79EFBC}") = "RC.Physics", "RC.Physics\RC.Physics.csproj", "{4E77F49A-22A6-4275-A5F9-E929D9078DE9}"
	ProjectSection(WebsiteProperties) = preProject
		Debug.AspNetCompiler.Debug = "True"
		Release.AspNetCompiler.Debug = "False"
	EndProjectSection
EndProject
Project("{FAE04EC0-301F-11D3-BF4B-00C04F79EFBC}") = "RC.Content.Pipeline.HeightMap", "RC.Content.Pipeline.HeightMap\RC.Content.Pipeline.HeightMap.csproj", "{DECF90BA-D636-4003-8833-B2C55E0149FF}"
	ProjectSection(WebsiteProperties) = preProject
		Debug.AspNetCompiler.Debug = "True"
		Release.AspNetCompiler.Debug = "False"
	EndProjectSection
EndProject
Project("{FAE04EC0-301F-11D3-BF4B-00C04F79EFBC}") = "RC.Content.Heightmap", "RC.Content.Heightmap\RC.Content.Heightmap.csproj", "{FBF1B902-649D-4537-9B8A-2932B0C76BF1}"
	ProjectSection(WebsiteProperties) = preProject
		Debug.AspNetCompiler.Debug = "True"
		Release.AspNetCompiler.Debug = "False"
	EndProjectSection
EndProject
Global
	GlobalSection(SolutionConfigurationPlatforms) = preSolution
		Debug|Any CPU = Debug|Any CPU
		Debug|Mixed Platforms = Debug|Mixed Platforms
		Debug|x86 = Debug|x86
		Debug|Xbox 360 = Debug|Xbox 360
		Release|Any CPU = Release|Any CPU
		Release|Mixed Platforms = Release|Mixed Platforms
		Release|x86 = Release|x86
		Release|Xbox 360 = Release|Xbox 360
	EndGlobalSection
	GlobalSection(ProjectConfigurationPlatforms) = postSolution
		{6BD73791-1D67-475A-A2E0-9AAFD92E641E}.Debug|Any CPU.ActiveCfg = Debug|x86
		{6BD73791-1D67-475A-A2E0-9AAFD92E641E}.Debug|Mixed Platforms.ActiveCfg = Debug|x86
		{6BD73791-1D67-475A-A2E0-9AAFD92E641E}.Debug|Mixed Platforms.Build.0 = Debug|x86
		{6BD73791-1D67-475A-A2E0-9AAFD92E641E}.Debug|x86.ActiveCfg = Debug|x86
		{6BD73791-1D67-475A-A2E0-9AAFD92E641E}.Debug|x86.Build.0 = Debug|x86
		{6BD73791-1D67-475A-A2E0-9AAFD92E641E}.Debug|Xbox 360.ActiveCfg = Debug|x86
		{6BD73791-1D67-475A-A2E0-9AAFD92E641E}.Release|Any CPU.ActiveCfg = Release|x86
		{6BD73791-1D67-475A-A2E0-9AAFD92E641E}.Release|Mixed Platforms.ActiveCfg = Release|x86
		{6BD73791-1D67-475A-A2E0-9AAFD92E641E}.Release|Mixed Platforms.Build.0 = Release|x86
		{6BD73791-1D67-475A-A2E0-9AAFD92E641E}.Release|x86.ActiveCfg = Release|x86
		{6BD73791-1D67-475A-A2E0-9AAFD92E641E}.Release|x86.Build.0 = Release|x86
		{6BD73791-1D67-475A-A2E0-9AAFD92E641E}.Release|Xbox 360.ActiveCfg = Release|x86
		{8618CBBD-9108-493E-A4FC-BE6D6EDE0771}.Debug|Any CPU.ActiveCfg = Debug|x86
		{8618CBBD-9108-493E-A4FC-BE6D6EDE0771}.Debug|Mixed Platforms.ActiveCfg = Debug|x86
		{8618CBBD-9108-493E-A4FC-BE6D6EDE0771}.Debug|Mixed Platforms.Build.0 = Debug|x86
		{8618CBBD-9108-493E-A4FC-BE6D6EDE0771}.Debug|x86.ActiveCfg = Debug|x86
		{8618CBBD-9108-493E-A4FC-BE6D6EDE0771}.Debug|x86.Build.0 = Debug|x86
		{8618CBBD-9108-493E-A4FC-BE6D6EDE0771}.Debug|Xbox 360.ActiveCfg = Debug|x86
		{8618CBBD-9108-493E-A4FC-BE6D6EDE0771}.Release|Any CPU.ActiveCfg = Release|x86
		{8618CBBD-9108-493E-A4FC-BE6D6EDE0771}.Release|Mixed Platforms.ActiveCfg = Release|x86
		{8618CBBD-9108-493E-A4FC-BE6D6EDE0771}.Release|Mixed Platforms.Build.0 = Release|x86
		{8618CBBD-9108-493E-A4FC-BE6D6EDE0771}.Release|x86.ActiveCfg = Release|x86
		{8618CBBD-9108-493E-A4FC-BE6D6EDE0771}.Release|x86.Build.0 = Release|x86
		{8618CBBD-9108-493E-A4FC-BE6D6EDE0771}.Release|Xbox 360.ActiveCfg = Release|x86
		{4E77F49A-22A6-4275-A5F9-E929D9078DE9}.Debug|Any CPU.ActiveCfg = Debug|x86
		{4E77F49A-22A6-4275-A5F9-E929D9078DE9}.Debug|Mixed Platforms.ActiveCfg = Debug|x86
		{4E77F49A-22A6-4275-A5F9-E929D9078DE9}.Debug|Mixed Platforms.Build.0 = Debug|x86
		{4E77F49A-22A6-4275-A5F9-E929D9078DE9}.Debug|x86.ActiveCfg = Debug|x86
		{4E77F49A-22A6-4275-A5F9-E929D9078DE9}.Debug|x86.Build.0 = Debug|x86
		{4E77F49A-22A6-4275-A5F9-E929D9078DE9}.Debug|Xbox 360.ActiveCfg = Debug|x86
		{4E77F49A-22A6-4275-A5F9-E929D9078DE9}.Release|Any CPU.ActiveCfg = Release|x86
		{4E77F49A-22A6-4275-A5F9-E929D9078DE9}.Release|Mixed Platforms.ActiveCfg = Release|x86
		{4E77F49A-22A6-4275-A5F9-E929D9078DE9}.Release|Mixed Platforms.Build.0 = Release|x86
		{4E77F49A-22A6-4275-A5F9-E929D9078DE9}.Release|x86.ActiveCfg = Release|x86
		{4E77F49A-22A6-4275-A5F9-E929D9078DE9}.Release|x86.Build.0 = Release|x86
		{4E77F49A-22A6-4275-A5F9-E929D9078DE9}.Release|Xbox 360.ActiveCfg = Release|x86
		{1C02D323-1712-414B-B515-444B3A311149}.Debug|Any CPU.ActiveCfg = Debug|x86
		{1C02D323-1712-414B-B515-444B3A311149}.Debug|Mixed Platforms.ActiveCfg = Debug|x86
		{1C02D323-1712-414B-B515-444B3A311149}.Debug|x86.ActiveCfg = Debug|x86
		{1C02D323-1712-414B-B515-444B3A311149}.Debug|Xbox 360.ActiveCfg = Debug|x86
		{1C02D323-1712-414B-B515-444B3A311149}.Release|Any CPU.ActiveCfg = Release|x86
		{1C02D323-1712-414B-B515-444B3A311149}.Release|Mixed Platforms.ActiveCfg = Release|x86
		{1C02D323-1712-414B-B515-444B3A311149}.Release|x86.ActiveCfg = Release|x86
		{1C02D323-1712-414B-B515-444B3A311149}.Release|Xbox 360.ActiveCfg = Release|x86
		{77F6EF9A-E976-4D9B-A105-C68532A2C39E}.Debug|Any CPU.ActiveCfg = Debug|x86
		{77F6EF9A-E976-4D9B-A105-C68532A2C39E}.Debug|Mixed Platforms.ActiveCfg = Debug|x86
		{77F6EF9A-E976-4D9B-A105-C68532A2C39E}.Debug|x86.ActiveCfg = Debug|x86
		{77F6EF9A-E976-4D9B-A105-C68532A2C39E}.Debug|Xbox 360.ActiveCfg = Debug|x86
		{77F6EF9A-E976-4D9B-A105-C68532A2C39E}.Release|Any CPU.ActiveCfg = Release|x86
		{77F6EF9A-E976-4D9B-A105-C68532A2C39E}.Release|Mixed Platforms.ActiveCfg = Release|x86
		{77F6EF9A-E976-4D9B-A105-C68532A2C39E}.Release|x86.ActiveCfg = Release|x86
		{77F6EF9A-E976-4D9B-A105-C68532A2C39E}.Release|Xbox 360.ActiveCfg = Release|x86
		{9EED4821-893E-4ABE-9390-BCB6365539C8}.Debug|Any CPU.ActiveCfg = Debug|x86
		{9EED4821-893E-4ABE-9390-BCB6365539C8}.Debug|Mixed Platforms.ActiveCfg = Debug|x86
		{9EED4821-893E-4ABE-9390-BCB6365539C8}.Debug|x86.ActiveCfg = Debug|x86
		{9EED4821-893E-4ABE-9390-BCB6365539C8}.Debug|Xbox 360.ActiveCfg = Debug|x86
		{9EED4821-893E-4ABE-9390-BCB6365539C8}.Release|Any CPU.ActiveCfg = Release|x86
		{9EED4821-893E-4ABE-9390-BCB6365539C8}.Release|Mixed Platforms.ActiveCfg = Release|x86
		{9EED4821-893E-4ABE-9390-BCB6365539C8}.Release|x86.ActiveCfg = Release|x86
		{9EED4821-893E-4ABE-9390-BCB6365539C8}.Release|Xbox 360.ActiveCfg = Release|x86
		{DECF90BA-D636-4003-8833-B2C55E0149FF}.Debug|Any CPU.ActiveCfg = Debug|Xbox 360
		{DECF90BA-D636-4003-8833-B2C55E0149FF}.Debug|Mixed Platforms.ActiveCfg = Debug|Xbox 360
		{DECF90BA-D636-4003-8833-B2C55E0149FF}.Debug|Mixed Platforms.Build.0 = Debug|Xbox 360
		{DECF90BA-D636-4003-8833-B2C55E0149FF}.Debug|x86.ActiveCfg = Debug|x86
		{DECF90BA-D636-4003-8833-B2C55E0149FF}.Debug|x86.Build.0 = Debug|x86
		{DECF90BA-D636-4003-8833-B2C55E0149FF}.Debug|Xbox 360.ActiveCfg = Debug|Xbox 360
		{DECF90BA-D636-4003-8833-B2C55E0149FF}.Debug|Xbox 360.Build.0 = Debug|Xbox 360
		{DECF90BA-D636-4003-8833-B2C55E0149FF}.Release|Any CPU.ActiveCfg = Release|Xbox 360
		{DECF90BA-D636-4003-8833-B2C55E0149FF}.Release|Mixed Platforms.ActiveCfg = Release|Xbox 360
		{DECF90BA-D636-4003-8833-B2C55E0149FF}.Release|Mixed Platforms.Build.0 = Release|Xbox 360
		{DECF90BA-D636-4003-8833-B2C55E0149FF}.Release|x86.ActiveCfg = Release|x86
		{DECF90BA-D636-4003-8833-B2C55E0149FF}.Release|x86.Build.0 = Release|x86
		{DECF90BA-D636-4003-8833-B2C55E0149FF}.Release|Xbox 360.ActiveCfg = Release|Xbox 360
		{DECF90BA-D636-4003-8833-B2C55E0149FF}.Release|Xbox 360.Build.0 = Release|Xbox 360
		{FBF1B902-649D-4537-9B8A-2932B0C76BF1}.Debug|Any CPU.ActiveCfg = Debug|x86
		{FBF1B902-649D-4537-9B8A-2932B0C76BF1}.Debug|Mixed Platforms.ActiveCfg = Debug|x86
		{FBF1B902-649D-4537-9B8A-2932B0C76BF1}.Debug|Mixed Platforms.Build.0 = Debug|x86
		{FBF1B902-649D-4537-9B8A-2932B0C76BF1}.Debug|x86.ActiveCfg = Debug|x86
		{FBF1B902-649D-4537-9B8A-2932B0C76BF1}.Debug|x86.Build.0 = Debug|x86
		{FBF1B902-649D-4537-9B8A-2932B0C76BF1}.Debug|Xbox 360.ActiveCfg = Debug|x86
		{FBF1B902-649D-4537-9B8A-2932B0C76BF1}.Release|Any CPU.ActiveCfg = Release|x86
		{FBF1B902-649D-4537-9B8A-2932B0C76BF1}.Release|Mixed Platforms.ActiveCfg = Release|x86
		{FBF1B902-649D-4537-9B8A-2932B0C76BF1}.Release|Mixed Platforms.Build.0 = Release|x86
		{FBF1B902-649D-4537-9B8A-2932B0C76BF1}.Release|x86.ActiveCfg = Release|x86
		{FBF1B902-649D-4537-9B8A-2932B0C76BF1}.Release|x86.Build.0 = Release|x86
		{FBF1B902-649D-4537-9B8A-2932B0C76BF1}.Release|Xbox 360.ActiveCfg = Release|x86
		{FC8C0204-62E2-4918-BD49-D414222169AA}.Debug|Any CPU.ActiveCfg = Debug|x86
		{FC8C0204-62E2-4918-BD49-D414222169AA}.Debug|Mixed Platforms.ActiveCfg = Debug|x86
		{FC8C0204-62E2-4918-BD49-D414222169AA}.Debug|x86.ActiveCfg = Debug|x86
		{FC8C0204-62E2-4918-BD49-D414222169AA}.Debug|Xbox 360.ActiveCfg = Debug|x86
		{FC8C0204-62E2-4918-BD49-D414222169AA}.Release|Any CPU.ActiveCfg = Release|x86
		{FC8C0204-62E2-4918-BD49-D414222169AA}.Release|Mixed Platforms.ActiveCfg = Release|x86
		{FC8C0204-62E2-4918-BD49-D414222169AA}.Release|x86.ActiveCfg = Release|x86
		{FC8C0204-62E2-4918-BD49-D414222169AA}.Release|Xbox 360.ActiveCfg = Release|x86
	EndGlobalSection
	GlobalSection(SolutionProperties) = preSolution
		HideSolutionNode = FALSE
	EndGlobalSection
	GlobalSection(TestCaseManagementSettings) = postSolution
		CategoryFile = Unity.vsmdi
	EndGlobalSection
	GlobalSection(TextTemplating) = postSolution
		TextTemplating = 1
	EndGlobalSection
EndGlobal
